{
  "name": "bootstrap",
  "version": "1.0.0",
  "lockfileVersion": 1,
  "requires": true,
  "dependencies": {
    "jsonxml": {
      "version": "1.0.0",
      "resolved": "https://registry.npmjs.org/jsonxml/-/jsonxml-1.0.0.tgz",
      "integrity": "sha512-g1qK3HyHEkrbej1Ojwer5Z+9XFFdHABHIzBQgc9m5tHgqqJ66ti2J1UW6ddRZW2F79eNsi9wicKE73Rt5hJZwA=="
    }
  }
}
